# @generated - this file is auto-generated by `mise lock` https://mise.jdx.dev/dev-tools/mise-lock.html

lockfile_version = 1

[[tools.elixir]]
version = "1.20.4-otp-29"
backend = "core:elixir"
specifiers = ["prefix:1.20"]

[tools.elixir."platforms.macos-arm64"]
checksum = "sha256:7863c546cda13fecc949e562e326042451dacf8fd8698a36783cb71eeb223b46"
url = "https://builds.hex.pm/builds/elixir/v1.20.4-otp-29.zip"

[[tools.erlang]]
version = "29.0.5"
backend = "core:erlang"
specifiers = ["prefix:29"]

[tools.erlang."platforms.macos-arm64"]
checksum = "sha256:24b9e00da2b9ad25b1f182e2efd73ff316e46ec4b143c0cc3c69dbd27d5a594d"
url = "https://github.com/erlef/otp_builds/releases/download/OTP-29.0.5/otp-aarch64-apple-darwin.tar.gz"
url_api = "https://api.github.com/repos/erlef/otp_builds/releases/assets/501257195"

[[tools.go]]
version = "1.27.0"
backend = "core:go"
specifiers = ["prefix:1.27"]

[tools.go."platforms.macos-arm64"]
checksum = "sha256:90493b3bbd5e10f91d12153198bf1994fd756399b4fec93b49b0c6e2acdeeb3e"
url = "https://dl.google.com/go/go1.27.0.darwin-arm64.tar.gz"

[[tools.node]]
version = "26.8.1"
backend = "core:node"
specifiers = ["prefix:26"]

[tools.node."platforms.macos-arm64"]
checksum = "sha256:6e577fd0d9db776db82306629e441a9dace416702622aebdd171c9dfaa41f4d2"
url = "https://nodejs.org/dist/v26.8.1/node-v26.8.1-darwin-arm64.tar.gz"

[[tools.opentofu]]
version = "1.12.6"
backend = "aqua:opentofu/opentofu"
specifiers = ["prefix:1.12"]

[tools.opentofu."platforms.macos-arm64"]
checksum = "sha256:f958ec5e511063be9feb180ca015a4cb7977566a9cf6a8550bba8c2a9b5aba74"
url = "https://github.com/opentofu/opentofu/releases/download/v1.12.6/tofu_1.12.6_darwin_arm64.tar.gz"
url_api = "https://api.github.com/repos/opentofu/opentofu/releases/assets/520762710"
